{
  "pins" : [
    {
      "identity" : "face-capture-apple",
      "kind" : "remoteSourceControl",
      "location" : "https://github.com/AppliedRecognition/Face-Capture-Apple.git",
      "state" : {
        "revision" : "ebdd1621c9fd85bb464993dc95914c24e63229b0",
        "version" : "2.0.0"
      }
    },
    {
      "identity" : "face-detection-retinaface-apple",
      "kind" : "remoteSourceControl",
      "location" : "https://github.com/AppliedRecognition/Face-Detection-RetinaFace-Apple.git",
      "state" : {
        "revision" : "094de82c877637b51430b86d5944dfcb100b54ac",
        "version" : "1.0.3"
      }
    },
    {
      "identity" : "face-recognition-arcface-apple",
      "kind" : "remoteSourceControl",
      "location" : "https://github.com/AppliedRecognition/Face-Recognition-ArcFace-Apple.git",
      "state" : {
        "revision" : "38048ff93a4852c4fa7cb8119cc50b4f51f10279",
        "version" : "1.0.1"
      }
    },
    {
      "identity" : "face-template-registry-apple",
      "kind" : "remoteSourceControl",
      "location" : "https://github.com/AppliedRecognition/Face-Template-Registry-Apple.git",
      "state" : {
        "revision" : "2fdf1f4e0c6c1df2ee81f9bdfea4db5cd7e6a9f7",
        "version" : "2.0.0"
      }
    },
    {
      "identity" : "spoof-device-detection-ver-id-3-apple",
      "kind" : "remoteSourceControl",
      "location" : "https://github.com/AppliedRecognition/Spoof-Device-Detection-Ver-ID-3-Apple.git",
      "state" : {
        "revision" : "bb129ee2f5976144a102f8c92496fa949e62d196",
        "version" : "1.0.1"
      }
    },
    {
      "identity" : "ver-id-common-types-apple",
      "kind" : "remoteSourceControl",
      "location" : "https://github.com/AppliedRecognition/Ver-ID-Common-Types-Apple.git",
      "state" : {
        "revision" : "3587575fd09adc2acb1db8bca7d80e1c4479eb55",
        "version" : "2.2.0"
      }
    }
  ],
  "version" : 2
}
