{
  "pins" : [
    {
      "identity" : "face-capture-apple",
      "kind" : "remoteSourceControl",
      "location" : "https://github.com/AppliedRecognition/Face-Capture-Apple.git",
      "state" : {
        "revision" : "8c1823fce5cbe6c15356422d3312972c524a1373",
        "version" : "2.0.1"
      }
    },
    {
      "identity" : "face-detection-retinaface-apple",
      "kind" : "remoteSourceControl",
      "location" : "https://github.com/AppliedRecognition/Face-Detection-RetinaFace-Apple.git",
      "state" : {
        "revision" : "4e953f0212c94e0f9794bcd75d1243396f5aae10",
        "version" : "1.0.4"
      }
    },
    {
      "identity" : "face-recognition-arcface-apple",
      "kind" : "remoteSourceControl",
      "location" : "https://github.com/AppliedRecognition/Face-Recognition-ArcFace-Apple.git",
      "state" : {
        "revision" : "28b799a4c26cbbd4648a29200c48d4d7fdc91ab3",
        "version" : "1.1.0"
      }
    },
    {
      "identity" : "face-template-registry-apple",
      "kind" : "remoteSourceControl",
      "location" : "https://github.com/AppliedRecognition/Face-Template-Registry-Apple.git",
      "state" : {
        "revision" : "38d9fe2af8fe9210294b0b57929159ff55d8efe5",
        "version" : "3.0.0"
      }
    },
    {
      "identity" : "spoof-device-detection-ver-id-3-apple",
      "kind" : "remoteSourceControl",
      "location" : "https://github.com/AppliedRecognition/Spoof-Device-Detection-Ver-ID-3-Apple.git",
      "state" : {
        "revision" : "f4f6063ae0923a26666993127d7bf9e7e2719b25",
        "version" : "1.0.2"
      }
    },
    {
      "identity" : "ver-id-common-types-apple",
      "kind" : "remoteSourceControl",
      "location" : "https://github.com/AppliedRecognition/Ver-ID-Common-Types-Apple.git",
      "state" : {
        "revision" : "2ca2404344966ef1feb18b5b676beb51138a7792",
        "version" : "3.0.0"
      }
    }
  ],
  "version" : 2
}
